lockfileVersion: '9.0'

settings:
  autoInstallPeers: true
  excludeLinksFromLockfile: false

importers:

  .:
    devDependencies:
      prettier:
        specifier: ^3.7.4
        version: 3.7.4
      turbo:
        specifier: ^2.7.2
        version: 2.7.2
      typescript:
        specifier: 5.9.2
        version: 5.9.2

packages:

  prettier@3.7.4:
    resolution: {integrity: sha512-v6UNi1+3hSlVvv8fSaoUbggEM5VErKmmpGA7Pl3HF8V6uKY7rvClBOJlH6yNwQtfTueNkGVpOv/mtWL9L4bgRA==}
    engines: {node: '>=14'}
    hasBin: true

  turbo-darwin-64@2.7.2:
    resolution: {integrity: sha512-dxY3X6ezcT5vm3coK6VGixbrhplbQMwgNsCsvZamS/+/6JiebqW9DKt4NwpgYXhDY2HdH00I7FWs3wkVuan4rA==}
    cpu: [x64]
    os: [darwin]

  turbo-darwin-arm64@2.7.2:
    resolution: {integrity: sha512-1bXmuwPLqNFt3mzrtYcVx1sdJ8UYb124Bf48nIgcpMCGZy3kDhgxNv1503kmuK/37OGOZbsWSQFU4I08feIuSg==}
    cpu: [arm64]
    os: [darwin]

  turbo-linux-64@2.7.2:
    resolution: {integrity: sha512-kP+TiiMaiPugbRlv57VGLfcjFNsFbo8H64wMBCPV2270Or2TpDCBULMzZrvEsvWFjT3pBFvToYbdp8/Kw0jAQg==}
    cpu: [x64]
    os: [linux]

  turbo-linux-arm64@2.7.2:
    resolution: {integrity: sha512-VDJwQ0+8zjAfbyY6boNaWfP6RIez4ypKHxwkuB6SrWbOSk+vxTyW5/hEjytTwK8w/TsbKVcMDyvpora8tEsRFw==}
    cpu: [arm64]
    os: [linux]

  turbo-windows-64@2.7.2:
    resolution: {integrity: sha512-rPjqQXVnI6A6oxgzNEE8DNb6Vdj2Wwyhfv3oDc+YM3U9P7CAcBIlKv/868mKl4vsBtz4ouWpTQNXG8vljgJO+w==}
    cpu: [x64]
    os: [win32]

  turbo-windows-arm64@2.7.2:
    resolution: {integrity: sha512-tcnHvBhO515OheIFWdxA+qUvZzNqqcHbLVFc1+n+TJ1rrp8prYicQtbtmsiKgMvr/54jb9jOabU62URAobnB7g==}
    cpu: [arm64]
    os: [win32]

  turbo@2.7.2:
    resolution: {integrity: sha512-5JIA5aYBAJSAhrhbyag1ZuMSgUZnHtI+Sq3H8D3an4fL8PeF+L1yYvbEJg47akP1PFfATMf5ehkqFnxfkmuwZQ==}
    hasBin: true

  typescript@5.9.2:
    resolution: {integrity: sha512-CWBzXQrc/qOkhidw1OzBTQuYRbfyxDXJMVJ1XNwUHGROVmuaeiEm3OslpZ1RV96d7SKKjZKrSJu3+t/xlw3R9A==}
    engines: {node: '>=14.17'}
    hasBin: true

snapshots:

  prettier@3.7.4: {}

  turbo-darwin-64@2.7.2:
    optional: true

  turbo-darwin-arm64@2.7.2:
    optional: true

  turbo-linux-64@2.7.2:
    optional: true

  turbo-linux-arm64@2.7.2:
    optional: true

  turbo-windows-64@2.7.2:
    optional: true

  turbo-windows-arm64@2.7.2:
    optional: true

  turbo@2.7.2:
    optionalDependencies:
      turbo-darwin-64: 2.7.2
      turbo-darwin-arm64: 2.7.2
      turbo-linux-64: 2.7.2
      turbo-linux-arm64: 2.7.2
      turbo-windows-64: 2.7.2
      turbo-windows-arm64: 2.7.2

  typescript@5.9.2: {}
